
Microsoft Visual Studio Solution File, Format Version 12.00
# Visual Studio Version 17
VisualStudioVersion = 17.14.36121.58
MinimumVisualStudioVersion = 10.0.40219.1
Project("{FAE04EC0-301F-11D3-BF4B-00C04F79EFBC}") = "NAudio.Dsd", "NAudio.Dsd\NAudio.Dsd.csproj", "{A71FC6DD-1C93-E0FE-175A-58A2E5EAC77A}"
EndProject
Global
	GlobalSection(SolutionConfigurationPlatforms) = preSolution
		Debug|Any CPU = Debug|Any CPU
		Release|Any CPU = Release|Any CPU
	EndGlobalSection
	GlobalSection(ProjectConfigurationPlatforms) = postSolution
		{A71FC6DD-1C93-E0FE-175A-58A2E5EAC77A}.Debug|Any CPU.ActiveCfg = Debug|Any CPU
		{A71FC6DD-1C93-E0FE-175A-58A2E5EAC77A}.Debug|Any CPU.Build.0 = Debug|Any CPU
		{A71FC6DD-1C93-E0FE-175A-58A2E5EAC77A}.Release|Any CPU.ActiveCfg = Release|Any CPU
		{A71FC6DD-1C93-E0FE-175A-58A2E5EAC77A}.Release|Any CPU.Build.0 = Release|Any CPU
	EndGlobalSection
	GlobalSection(SolutionProperties) = preSolution
		HideSolutionNode = FALSE
	EndGlobalSection
	GlobalSection(ExtensibilityGlobals) = postSolution
		SolutionGuid = {EEC47C03-62E1-4F44-A576-868E57D81D13}
	EndGlobalSection
EndGlobal
